{
  "name": "widget-platform",
  "version": "1.0.0",
  "lockfileVersion": 3,
  "requires": true,
  "packages": {
    "": {
      "name": "widget-platform",
      "version": "1.0.0",
      "workspaces": [
        "packages/*",
        "tools/codegen/scripts",
        "examples/demo-app"
      ],
      "dependencies": {
        "left-pad": "1.1.0",
        "chalk": "4.1.2"
      }
    },
    "node_modules/left-pad": {
      "version": "1.1.0",
      "resolved": "https://registry.npmjs.org/left-pad/-/left-pad-1.1.0.tgz",
      "integrity": "sha512-placeholder1=="
    },
    "packages/core": {
      "name": "@widget-platform/core",
      "version": "0.4.0",
      "dependencies": {
        "left-pad": "1.1.0",
        "lodash": "4.17.21"
      }
    },
    "packages/utils": {
      "name": "@widget-platform/utils",
      "version": "0.2.1",
      "dependencies": {
        "left-pad": "1.1.0"
      }
    },
    "tools/codegen/scripts": {
      "name": "@widget-platform/codegen-scripts",
      "version": "0.1.0",
      "dependencies": {
        "left-pad": "1.1.0",
        "commander": "9.4.1"
      }
    },
    "examples/demo-app": {
      "name": "demo-app",
      "version": "0.1.0",
      "dependencies": {
        "left-pad": "1.1.0",
        "react": "18.2.0"
      }
    }
  },
  "dependencies": {
    "left-pad": {
      "version": "1.1.0",
      "resolved": "https://registry.npmjs.org/left-pad/-/left-pad-1.1.0.tgz",
      "integrity": "sha512-placeholder1=="
    }
  }
}
